// !$*UTF8*$!
{
	archiveVersion = 1;
	classes = {
	};
	objectVersion = 55;
	objects = {

/* Begin PBXBuildFile section */
		CE19DC4E2885E78600AEBE8E /* zebra.mp4 in Resources */ = {isa = PBXBuildFile; fileRef = CE19DC492885E78500AEBE8E /* zebra.mp4 */; };
		CE19DC4F2885E78600AEBE8E /* cheetah.mp4 in Resources */ = {isa = PBXBuildFile; fileRef = CE19DC4A2885E78600AEBE8E /* cheetah.mp4 */; };
		CE19DC502885E78600AEBE8E /* elephant.mp4 in Resources */ = {isa = PBXBuildFile; fileRef = CE19DC4B2885E78600AEBE8E /* elephant.mp4 */; };
		CE19DC512885E78600AEBE8E /* lion.mp4 in Resources */ = {isa = PBXBuildFile; fileRef = CE19DC4C2885E78600AEBE8E /* lion.mp4 */; };
		CE19DC522885E78600AEBE8E /* rhino.mp4 in Resources */ = {isa = PBXBuildFile; fileRef = CE19DC4D2885E78600AEBE8E /* rhino.mp4 */; };
		CE19DC54288760EA00AEBE8E /* LocationModel.swift in Sources */ = {isa = PBXBuildFile; fileRef = CE19DC53288760EA00AEBE8E /* LocationModel.swift */; };
		CE19DC5828876BB600AEBE8E /* MapAnnotationView.swift in Sources */ = {isa = PBXBuildFile; fileRef = CE19DC5728876BB500AEBE8E /* MapAnnotationView.swift */; };
		CE19DC5A288772C700AEBE8E /* MotionAnimationView.swift in Sources */ = {isa = PBXBuildFile; fileRef = CE19DC59288772C700AEBE8E /* MotionAnimationView.swift */; };
		CE19DC5F288856B300AEBE8E /* animals.json in Resources */ = {isa = PBXBuildFile; fileRef = CE19DC5B288856B200AEBE8E /* animals.json */; };
		CE19DC60288856B300AEBE8E /* locations.json in Resources */ = {isa = PBXBuildFile; fileRef = CE19DC5C288856B200AEBE8E /* locations.json */; };
		CE19DC61288856B300AEBE8E /* covers.json in Resources */ = {isa = PBXBuildFile; fileRef = CE19DC5D288856B200AEBE8E /* covers.json */; };
		CE19DC62288856B300AEBE8E /* videos.json in Resources */ = {isa = PBXBuildFile; fileRef = CE19DC5E288856B300AEBE8E /* videos.json */; };
		CE3CC8882888E8BB005AD0D3 /* gorilla.mp4 in Resources */ = {isa = PBXBuildFile; fileRef = CE3CC8832888E8B9005AD0D3 /* gorilla.mp4 */; };
		CE3CC8892888E8BB005AD0D3 /* lioness.mp4 in Resources */ = {isa = PBXBuildFile; fileRef = CE3CC8842888E8BA005AD0D3 /* lioness.mp4 */; };
		CE3CC88A2888E8BB005AD0D3 /* hippo.mp4 in Resources */ = {isa = PBXBuildFile; fileRef = CE3CC8852888E8BA005AD0D3 /* hippo.mp4 */; };
		CE3CC88B2888E8BB005AD0D3 /* giraffe.mp4 in Resources */ = {isa = PBXBuildFile; fileRef = CE3CC8862888E8BB005AD0D3 /* giraffe.mp4 */; };
		CE3CC88C2888E8BB005AD0D3 /* ostrich.mp4 in Resources */ = {isa = PBXBuildFile; fileRef = CE3CC8872888E8BB005AD0D3 /* ostrich.mp4 */; };
		CE8ABF052888BDE200069CF3 /* AnimalGridItemView.swift in Sources */ = {isa = PBXBuildFile; fileRef = CE8ABF042888BDE200069CF3 /* AnimalGridItemView.swift */; };
		CE8F23352883926C00531D50 /* AnimalModel.swift in Sources */ = {isa = PBXBuildFile; fileRef = CE8F23342883926C00531D50 /* AnimalModel.swift */; };
		CE8F2338288392A200531D50 /* CoverImageModel.swift in Sources */ = {isa = PBXBuildFile; fileRef = CE8F2337288392A200531D50 /* CoverImageModel.swift */; };
		CE8F233D2883936D00531D50 /* CodableBundleExtension.swift in Sources */ = {isa = PBXBuildFile; fileRef = CE8F233C2883936D00531D50 /* CodableBundleExtension.swift */; };
		CE8F234C288393D400531D50 /* AfricaApp.swift in Sources */ = {isa = PBXBuildFile; fileRef = CE8F234B288393D400531D50 /* AfricaApp.swift */; };
		CE8F234E288393F600531D50 /* ContentView.swift in Sources */ = {isa = PBXBuildFile; fileRef = CE8F234D288393F600531D50 /* ContentView.swift */; };
		CE8F23502883942000531D50 /* GalleryView.swift in Sources */ = {isa = PBXBuildFile; fileRef = CE8F234F2883942000531D50 /* GalleryView.swift */; };
		CE8F23542883949600531D50 /* MainView.swift in Sources */ = {isa = PBXBuildFile; fileRef = CE8F23532883949600531D50 /* MainView.swift */; };
		CE8F2356288394B600531D50 /* MapView.swift in Sources */ = {isa = PBXBuildFile; fileRef = CE8F2355288394B600531D50 /* MapView.swift */; };
		CE8F2358288394D800531D50 /* VideoListView.swift in Sources */ = {isa = PBXBuildFile; fileRef = CE8F2357288394D800531D50 /* VideoListView.swift */; };
		CE9A06A72880C4AB004DD9DB /* Assets.xcassets in Resources */ = {isa = PBXBuildFile; fileRef = CE9A06A62880C4AB004DD9DB /* Assets.xcassets */; };
		CE9A06AA2880C4AB004DD9DB /* Preview Assets.xcassets in Resources */ = {isa = PBXBuildFile; fileRef = CE9A06A92880C4AB004DD9DB /* Preview Assets.xcassets */; };
		CE9A06B32880C529004DD9DB /* AnimalDetailView.swift in Sources */ = {isa = PBXBuildFile; fileRef = CE9A06B12880C529004DD9DB /* AnimalDetailView.swift */; };
		CE9A06B42880C529004DD9DB /* AnimalListItemView.swift in Sources */ = {isa = PBXBuildFile; fileRef = CE9A06B22880C529004DD9DB /* AnimalListItemView.swift */; };
		CE9A06B72880C569004DD9DB /* InsetMapView.swift in Sources */ = {isa = PBXBuildFile; fileRef = CE9A06B52880C569004DD9DB /* InsetMapView.swift */; };
		CE9A06B82880C569004DD9DB /* InsetGalleryView.swift in Sources */ = {isa = PBXBuildFile; fileRef = CE9A06B62880C569004DD9DB /* InsetGalleryView.swift */; };
		CE9A06BD2880C5E4004DD9DB /* ExternalWeblinkView.swift in Sources */ = {isa = PBXBuildFile; fileRef = CE9A06B92880C5E4004DD9DB /* ExternalWeblinkView.swift */; };
		CE9A06BE2880C5E4004DD9DB /* InsetFactView.swift in Sources */ = {isa = PBXBuildFile; fileRef = CE9A06BA2880C5E4004DD9DB /* InsetFactView.swift */; };
		CE9A06BF2880C5E4004DD9DB /* HeadingView.swift in Sources */ = {isa = PBXBuildFile; fileRef = CE9A06BB2880C5E4004DD9DB /* HeadingView.swift */; };
		CE9A06C02880C5E4004DD9DB /* CoverImageView.swift in Sources */ = {isa = PBXBuildFile; fileRef = CE9A06BC2880C5E4004DD9DB /* CoverImageView.swift */; };
		CEB483BB2885B7EC0096C482 /* VideoModel.swift in Sources */ = {isa = PBXBuildFile; fileRef = CEB483BA2885B7EC0096C482 /* VideoModel.swift */; };
		CEB483BF2885BA4B0096C482 /* VideoListItemView.swift in Sources */ = {isa = PBXBuildFile; fileRef = CEB483BE2885BA4B0096C482 /* VideoListItemView.swift */; };
		CEB483C32885DA810096C482 /* VideoPlayerView.swift in Sources */ = {isa = PBXBuildFile; fileRef = CEB483C22885DA810096C482 /* VideoPlayerView.swift */; };
		CEB483CC2885DF550096C482 /* VideoPlayerHelper.swift in Sources */ = {isa = PBXBuildFile; fileRef = CEB483CB2885DF550096C482 /* VideoPlayerHelper.swift */; };
/* End PBXBuildFile section */

/* Begin PBXCopyFilesBuildPhase section */
		CE8ABF132888C65D00069CF3 /* Embed App Extensions */ = {
			isa = PBXCopyFilesBuildPhase;
			buildActionMask = 2147483647;
			dstPath = "";
			dstSubfolderSpec = 13;
			files = (
			);
			name = "Embed App Extensions";
			runOnlyForDeploymentPostprocessing = 0;
		};
/* End PBXCopyFilesBuildPhase section */

/* Begin PBXFileReference section */
		CE19DC492885E78500AEBE8E /* zebra.mp4 */ = {isa = PBXFileReference; lastKnownFileType = file; name = zebra.mp4; path = "../../../../../Downloads/SWIFTUI-APP-AFRICA-UPDATED/Resources/video/zebra.mp4"; sourceTree = "<group>"; };
		CE19DC4A2885E78600AEBE8E /* cheetah.mp4 */ = {isa = PBXFileReference; lastKnownFileType = file; name = cheetah.mp4; path = "../../../../../Downloads/SWIFTUI-APP-AFRICA-UPDATED/Resources/video/cheetah.mp4"; sourceTree = "<group>"; };
		CE19DC4B2885E78600AEBE8E /* elephant.mp4 */ = {isa = PBXFileReference; lastKnownFileType = file; name = elephant.mp4; path = "../../../../../Downloads/SWIFTUI-APP-AFRICA-UPDATED/Resources/video/elephant.mp4"; sourceTree = "<group>"; };
		CE19DC4C2885E78600AEBE8E /* lion.mp4 */ = {isa = PBXFileReference; lastKnownFileType = file; name = lion.mp4; path = "../../../../../Downloads/SWIFTUI-APP-AFRICA-UPDATED/Resources/video/lion.mp4"; sourceTree = "<group>"; };
		CE19DC4D2885E78600AEBE8E /* rhino.mp4 */ = {isa = PBXFileReference; lastKnownFileType = file; name = rhino.mp4; path = "../../../../../Downloads/SWIFTUI-APP-AFRICA-UPDATED/Resources/video/rhino.mp4"; sourceTree = "<group>"; };
		CE19DC53288760EA00AEBE8E /* LocationModel.swift */ = {isa = PBXFileReference; lastKnownFileType = sourcecode.swift; path = LocationModel.swift; sourceTree = "<group>"; };
		CE19DC5728876BB500AEBE8E /* MapAnnotationView.swift */ = {isa = PBXFileReference; lastKnownFileType = sourcecode.swift; path = MapAnnotationView.swift; sourceTree = "<group>"; };
		CE19DC59288772C700AEBE8E /* MotionAnimationView.swift */ = {isa = PBXFileReference; lastKnownFileType = sourcecode.swift; path = MotionAnimationView.swift; sourceTree = "<group>"; };
		CE19DC5B288856B200AEBE8E /* animals.json */ = {isa = PBXFileReference; fileEncoding = 4; lastKnownFileType = text.json; path = animals.json; sourceTree = "<group>"; };
		CE19DC5C288856B200AEBE8E /* locations.json */ = {isa = PBXFileReference; fileEncoding = 4; lastKnownFileType = text.json; name = locations.json; path = "../../../../../Downloads/SWIFTUI-APP-AFRICA-UPDATED/Resources/data/locations.json"; sourceTree = "<group>"; };
		CE19DC5D288856B200AEBE8E /* covers.json */ = {isa = PBXFileReference; fileEncoding = 4; lastKnownFileType = text.json; path = covers.json; sourceTree = "<group>"; };
		CE19DC5E288856B300AEBE8E /* videos.json */ = {isa = PBXFileReference; fileEncoding = 4; lastKnownFileType = text.json; name = videos.json; path = "../../../../../Downloads/SWIFTUI-APP-AFRICA-UPDATED/Resources/data/videos.json"; sourceTree = "<group>"; };
		CE3CC8832888E8B9005AD0D3 /* gorilla.mp4 */ = {isa = PBXFileReference; lastKnownFileType = file; path = gorilla.mp4; sourceTree = "<group>"; };
		CE3CC8842888E8BA005AD0D3 /* lioness.mp4 */ = {isa = PBXFileReference; lastKnownFileType = file; path = lioness.mp4; sourceTree = "<group>"; };
		CE3CC8852888E8BA005AD0D3 /* hippo.mp4 */ = {isa = PBXFileReference; lastKnownFileType = file; path = hippo.mp4; sourceTree = "<group>"; };
		CE3CC8862888E8BB005AD0D3 /* giraffe.mp4 */ = {isa = PBXFileReference; lastKnownFileType = file; path = giraffe.mp4; sourceTree = "<group>"; };
		CE3CC8872888E8BB005AD0D3 /* ostrich.mp4 */ = {isa = PBXFileReference; lastKnownFileType = file; path = ostrich.mp4; sourceTree = "<group>"; };
		CE8ABF042888BDE200069CF3 /* AnimalGridItemView.swift */ = {isa = PBXFileReference; lastKnownFileType = sourcecode.swift; path = AnimalGridItemView.swift; sourceTree = "<group>"; };
		CE8F23342883926C00531D50 /* AnimalModel.swift */ = {isa = PBXFileReference; lastKnownFileType = sourcecode.swift; path = AnimalModel.swift; sourceTree = "<group>"; };
		CE8F2337288392A200531D50 /* CoverImageModel.swift */ = {isa = PBXFileReference; lastKnownFileType = sourcecode.swift; path = CoverImageModel.swift; sourceTree = "<group>"; };
		CE8F233C2883936D00531D50 /* CodableBundleExtension.swift */ = {isa = PBXFileReference; lastKnownFileType = sourcecode.swift; path = CodableBundleExtension.swift; sourceTree = "<group>"; };
		CE8F234B288393D400531D50 /* AfricaApp.swift */ = {isa = PBXFileReference; lastKnownFileType = sourcecode.swift; path = AfricaApp.swift; sourceTree = "<group>"; };
		CE8F234D288393F600531D50 /* ContentView.swift */ = {isa = PBXFileReference; lastKnownFileType = sourcecode.swift; path = ContentView.swift; sourceTree = "<group>"; };
		CE8F234F2883942000531D50 /* GalleryView.swift */ = {isa = PBXFileReference; lastKnownFileType = sourcecode.swift; path = GalleryView.swift; sourceTree = "<group>"; };
		CE8F23532883949600531D50 /* MainView.swift */ = {isa = PBXFileReference; lastKnownFileType = sourcecode.swift; path = MainView.swift; sourceTree = "<group>"; };
		CE8F2355288394B600531D50 /* MapView.swift */ = {isa = PBXFileReference; lastKnownFileType = sourcecode.swift; path = MapView.swift; sourceTree = "<group>"; };
		CE8F2357288394D800531D50 /* VideoListView.swift */ = {isa = PBXFileReference; lastKnownFileType = sourcecode.swift; path = VideoListView.swift; sourceTree = "<group>"; };
		CE8F236C288482B800531D50 /* Africa-SwiftUI-Info.plist */ = {isa = PBXFileReference; lastKnownFileType = text.plist; path = "Africa-SwiftUI-Info.plist"; sourceTree = SOURCE_ROOT; };
		CE9A069F2880C4A9004DD9DB /* Africa_SwiftUI.app */ = {isa = PBXFileReference; explicitFileType = wrapper.application; includeInIndex = 0; path = Africa_SwiftUI.app; sourceTree = BUILT_PRODUCTS_DIR; };
		CE9A06A62880C4AB004DD9DB /* Assets.xcassets */ = {isa = PBXFileReference; lastKnownFileType = folder.assetcatalog; path = Assets.xcassets; sourceTree = "<group>"; };
		CE9A06A92880C4AB004DD9DB /* Preview Assets.xcassets */ = {isa = PBXFileReference; lastKnownFileType = folder.assetcatalog; path = "Preview Assets.xcassets"; sourceTree = "<group>"; };
		CE9A06B12880C529004DD9DB /* AnimalDetailView.swift */ = {isa = PBXFileReference; fileEncoding = 4; lastKnownFileType = sourcecode.swift; path = AnimalDetailView.swift; sourceTree = "<group>"; };
		CE9A06B22880C529004DD9DB /* AnimalListItemView.swift */ = {isa = PBXFileReference; fileEncoding = 4; lastKnownFileType = sourcecode.swift; path = AnimalListItemView.swift; sourceTree = "<group>"; };
		CE9A06B52880C569004DD9DB /* InsetMapView.swift */ = {isa = PBXFileReference; fileEncoding = 4; lastKnownFileType = sourcecode.swift; path = InsetMapView.swift; sourceTree = "<group>"; };
		CE9A06B62880C569004DD9DB /* InsetGalleryView.swift */ = {isa = PBXFileReference; fileEncoding = 4; lastKnownFileType = sourcecode.swift; path = InsetGalleryView.swift; sourceTree = "<group>"; };
		CE9A06B92880C5E4004DD9DB /* ExternalWeblinkView.swift */ = {isa = PBXFileReference; fileEncoding = 4; lastKnownFileType = sourcecode.swift; path = ExternalWeblinkView.swift; sourceTree = "<group>"; };
		CE9A06BA2880C5E4004DD9DB /* InsetFactView.swift */ = {isa = PBXFileReference; fileEncoding = 4; lastKnownFileType = sourcecode.swift; path = InsetFactView.swift; sourceTree = "<group>"; };
		CE9A06BB2880C5E4004DD9DB /* HeadingView.swift */ = {isa = PBXFileReference; fileEncoding = 4; lastKnownFileType = sourcecode.swift; path = HeadingView.swift; sourceTree = "<group>"; };
		CE9A06BC2880C5E4004DD9DB /* CoverImageView.swift */ = {isa = PBXFileReference; fileEncoding = 4; lastKnownFileType = sourcecode.swift; path = CoverImageView.swift; sourceTree = "<group>"; };
		CEB483BA2885B7EC0096C482 /* VideoModel.swift */ = {isa = PBXFileReference; lastKnownFileType = sourcecode.swift; path = VideoModel.swift; sourceTree = "<group>"; };
		CEB483BE2885BA4B0096C482 /* VideoListItemView.swift */ = {isa = PBXFileReference; lastKnownFileType = sourcecode.swift; path = VideoListItemView.swift; sourceTree = "<group>"; };
		CEB483C22885DA810096C482 /* VideoPlayerView.swift */ = {isa = PBXFileReference; lastKnownFileType = sourcecode.swift; path = VideoPlayerView.swift; sourceTree = "<group>"; };
		CEB483CB2885DF550096C482 /* VideoPlayerHelper.swift */ = {isa = PBXFileReference; lastKnownFileType = sourcecode.swift; path = VideoPlayerHelper.swift; sourceTree = "<group>"; };
/* End PBXFileReference section */

/* Begin PBXFrameworksBuildPhase section */
		CE9A069C2880C4A9004DD9DB /* Frameworks */ = {
			isa = PBXFrameworksBuildPhase;
			buildActionMask = 2147483647;
			files = (
			);
			runOnlyForDeploymentPostprocessing = 0;
		};
/* End PBXFrameworksBuildPhase section */

/* Begin PBXGroup section */
		CE19DC432885E3D400AEBE8E /* Videos */ = {
			isa = PBXGroup;
			children = (
				CE3CC8862888E8BB005AD0D3 /* giraffe.mp4 */,
				CE3CC8832888E8B9005AD0D3 /* gorilla.mp4 */,
				CE3CC8852888E8BA005AD0D3 /* hippo.mp4 */,
				CE3CC8842888E8BA005AD0D3 /* lioness.mp4 */,
				CE3CC8872888E8BB005AD0D3 /* ostrich.mp4 */,
				CE19DC4A2885E78600AEBE8E /* cheetah.mp4 */,
				CE19DC4B2885E78600AEBE8E /* elephant.mp4 */,
				CE19DC4C2885E78600AEBE8E /* lion.mp4 */,
				CE19DC4D2885E78600AEBE8E /* rhino.mp4 */,
				CE19DC492885E78500AEBE8E /* zebra.mp4 */,
			);
			path = Videos;
			sourceTree = "<group>";
		};
		CE8F23362883928600531D50 /* Model */ = {
			isa = PBXGroup;
			children = (
				CE8F23342883926C00531D50 /* AnimalModel.swift */,
				CE8F2337288392A200531D50 /* CoverImageModel.swift */,
				CEB483BA2885B7EC0096C482 /* VideoModel.swift */,
				CE19DC53288760EA00AEBE8E /* LocationModel.swift */,
			);
			path = Model;
			sourceTree = "<group>";
		};
		CE8F2339288392BC00531D50 /* Extension */ = {
			isa = PBXGroup;
			children = (
				CE8F233C2883936D00531D50 /* CodableBundleExtension.swift */,
			);
			path = Extension;
			sourceTree = "<group>";
		};
		CE8F233E2883938900531D50 /* App */ = {
			isa = PBXGroup;
			children = (
				CE8F234B288393D400531D50 /* AfricaApp.swift */,
				CE8F234D288393F600531D50 /* ContentView.swift */,
				CE8F234F2883942000531D50 /* GalleryView.swift */,
				CE8F23532883949600531D50 /* MainView.swift */,
				CE8F2355288394B600531D50 /* MapView.swift */,
				CE8F2357288394D800531D50 /* VideoListView.swift */,
			);
			path = App;
			sourceTree = "<group>";
		};
		CE9A06962880C4A9004DD9DB = {
			isa = PBXGroup;
			children = (
				CE9A06A12880C4A9004DD9DB /* Africa_SwiftUI */,
				CE9A06A02880C4A9004DD9DB /* Products */,
			);
			sourceTree = "<group>";
		};
		CE9A06A02880C4A9004DD9DB /* Products */ = {
			isa = PBXGroup;
			children = (
				CE9A069F2880C4A9004DD9DB /* Africa_SwiftUI.app */,
			);
			name = Products;
			sourceTree = "<group>";
		};
		CE9A06A12880C4A9004DD9DB /* Africa_SwiftUI */ = {
			isa = PBXGroup;
			children = (
				CE19DC432885E3D400AEBE8E /* Videos */,
				CE8F236C288482B800531D50 /* Africa-SwiftUI-Info.plist */,
				CEB483CA2885DF3C0096C482 /* Helper */,
				CE8F233E2883938900531D50 /* App */,
				CE8F2339288392BC00531D50 /* Extension */,
				CE9A06B02880C4F9004DD9DB /* View */,
				CE8F23362883928600531D50 /* Model */,
				CE9A06C72880C760004DD9DB /* Data */,
				CE9A06A62880C4AB004DD9DB /* Assets.xcassets */,
				CE9A06A82880C4AB004DD9DB /* Preview Content */,
			);
			path = Africa_SwiftUI;
			sourceTree = "<group>";
		};
		CE9A06A82880C4AB004DD9DB /* Preview Content */ = {
			isa = PBXGroup;
			children = (
				CE9A06A92880C4AB004DD9DB /* Preview Assets.xcassets */,
			);
			path = "Preview Content";
			sourceTree = "<group>";
		};
		CE9A06B02880C4F9004DD9DB /* View */ = {
			isa = PBXGroup;
			children = (
				CE9A06B12880C529004DD9DB /* AnimalDetailView.swift */,
				CE9A06B22880C529004DD9DB /* AnimalListItemView.swift */,
				CE9A06B62880C569004DD9DB /* InsetGalleryView.swift */,
				CE9A06B52880C569004DD9DB /* InsetMapView.swift */,
				CE9A06BC2880C5E4004DD9DB /* CoverImageView.swift */,
				CE9A06B92880C5E4004DD9DB /* ExternalWeblinkView.swift */,
				CE9A06BB2880C5E4004DD9DB /* HeadingView.swift */,
				CE9A06BA2880C5E4004DD9DB /* InsetFactView.swift */,
				CEB483BE2885BA4B0096C482 /* VideoListItemView.swift */,
				CEB483C22885DA810096C482 /* VideoPlayerView.swift */,
				CE19DC5728876BB500AEBE8E /* MapAnnotationView.swift */,
				CE19DC59288772C700AEBE8E /* MotionAnimationView.swift */,
				CE8ABF042888BDE200069CF3 /* AnimalGridItemView.swift */,
			);
			path = View;
			sourceTree = "<group>";
		};
		CE9A06C72880C760004DD9DB /* Data */ = {
			isa = PBXGroup;
			children = (
				CE19DC5B288856B200AEBE8E /* animals.json */,
				CE19DC5D288856B200AEBE8E /* covers.json */,
				CE19DC5C288856B200AEBE8E /* locations.json */,
				CE19DC5E288856B300AEBE8E /* videos.json */,
			);
			path = Data;
			sourceTree = "<group>";
		};
		CEB483CA2885DF3C0096C482 /* Helper */ = {
			isa = PBXGroup;
			children = (
				CEB483CB2885DF550096C482 /* VideoPlayerHelper.swift */,
			);
			path = Helper;
			sourceTree = "<group>";
		};
/* End PBXGroup section */

/* Begin PBXNativeTarget section */
		CE9A069E2880C4A9004DD9DB /* Africa_SwiftUI */ = {
			isa = PBXNativeTarget;
			buildConfigurationList = CE9A06AD2880C4AB004DD9DB /* Build configuration list for PBXNativeTarget "Africa_SwiftUI" */;
			buildPhases = (
				CE9A069B2880C4A9004DD9DB /* Sources */,
				CE9A069C2880C4A9004DD9DB /* Frameworks */,
				CE9A069D2880C4A9004DD9DB /* Resources */,
				CE8ABF132888C65D00069CF3 /* Embed App Extensions */,
			);
			buildRules = (
			);
			dependencies = (
			);
			name = Africa_SwiftUI;
			productName = Africa_SwiftUI;
			productReference = CE9A069F2880C4A9004DD9DB /* Africa_SwiftUI.app */;
			productType = "com.apple.product-type.application";
		};
/* End PBXNativeTarget section */

/* Begin PBXProject section */
		CE9A06972880C4A9004DD9DB /* Project object */ = {
			isa = PBXProject;
			attributes = {
				BuildIndependentTargetsInParallel = 1;
				LastSwiftUpdateCheck = 1330;
				LastUpgradeCheck = 1330;
				TargetAttributes = {
					CE9A069E2880C4A9004DD9DB = {
						CreatedOnToolsVersion = 13.3;
					};
				};
			};
			buildConfigurationList = CE9A069A2880C4A9004DD9DB /* Build configuration list for PBXProject "Africa_SwiftUI" */;
			compatibilityVersion = "Xcode 13.0";
			developmentRegion = en;
			hasScannedForEncodings = 0;
			knownRegions = (
				en,
				Base,
			);
			mainGroup = CE9A06962880C4A9004DD9DB;
			productRefGroup = CE9A06A02880C4A9004DD9DB /* Products */;
			projectDirPath = "";
			projectRoot = "";
			targets = (
				CE9A069E2880C4A9004DD9DB /* Africa_SwiftUI */,
			);
		};
/* End PBXProject section */

/* Begin PBXResourcesBuildPhase section */
		CE9A069D2880C4A9004DD9DB /* Resources */ = {
			isa = PBXResourcesBuildPhase;
			buildActionMask = 2147483647;
			files = (
				CE9A06AA2880C4AB004DD9DB /* Preview Assets.xcassets in Resources */,
				CE19DC5F288856B300AEBE8E /* animals.json in Resources */,
				CE3CC88A2888E8BB005AD0D3 /* hippo.mp4 in Resources */,
				CE19DC502885E78600AEBE8E /* elephant.mp4 in Resources */,
				CE19DC4E2885E78600AEBE8E /* zebra.mp4 in Resources */,
				CE3CC8892888E8BB005AD0D3 /* lioness.mp4 in Resources */,
				CE3CC88C2888E8BB005AD0D3 /* ostrich.mp4 in Resources */,
				CE3CC8882888E8BB005AD0D3 /* gorilla.mp4 in Resources */,
				CE19DC62288856B300AEBE8E /* videos.json in Resources */,
				CE19DC60288856B300AEBE8E /* locations.json in Resources */,
				CE19DC61288856B300AEBE8E /* covers.json in Resources */,
				CE9A06A72880C4AB004DD9DB /* Assets.xcassets in Resources */,
				CE19DC512885E78600AEBE8E /* lion.mp4 in Resources */,
				CE19DC522885E78600AEBE8E /* rhino.mp4 in Resources */,
				CE19DC4F2885E78600AEBE8E /* cheetah.mp4 in Resources */,
				CE3CC88B2888E8BB005AD0D3 /* giraffe.mp4 in Resources */,
			);
			runOnlyForDeploymentPostprocessing = 0;
		};
/* End PBXResourcesBuildPhase section */

/* Begin PBXSourcesBuildPhase section */
		CE9A069B2880C4A9004DD9DB /* Sources */ = {
			isa = PBXSourcesBuildPhase;
			buildActionMask = 2147483647;
			files = (
				CE8ABF052888BDE200069CF3 /* AnimalGridItemView.swift in Sources */,
				CE9A06B72880C569004DD9DB /* InsetMapView.swift in Sources */,
				CE8F233D2883936D00531D50 /* CodableBundleExtension.swift in Sources */,
				CE8F2358288394D800531D50 /* VideoListView.swift in Sources */,
				CE8F2356288394B600531D50 /* MapView.swift in Sources */,
				CE8F23542883949600531D50 /* MainView.swift in Sources */,
				CE8F23502883942000531D50 /* GalleryView.swift in Sources */,
				CE8F234E288393F600531D50 /* ContentView.swift in Sources */,
				CE8F234C288393D400531D50 /* AfricaApp.swift in Sources */,
				CE8F23352883926C00531D50 /* AnimalModel.swift in Sources */,
				CE9A06C02880C5E4004DD9DB /* CoverImageView.swift in Sources */,
				CEB483CC2885DF550096C482 /* VideoPlayerHelper.swift in Sources */,
				CE9A06BE2880C5E4004DD9DB /* InsetFactView.swift in Sources */,
				CE9A06BF2880C5E4004DD9DB /* HeadingView.swift in Sources */,
				CE19DC5828876BB600AEBE8E /* MapAnnotationView.swift in Sources */,
				CE8F2338288392A200531D50 /* CoverImageModel.swift in Sources */,
				CEB483BB2885B7EC0096C482 /* VideoModel.swift in Sources */,
				CE9A06B32880C529004DD9DB /* AnimalDetailView.swift in Sources */,
				CE19DC54288760EA00AEBE8E /* LocationModel.swift in Sources */,
				CE9A06B42880C529004DD9DB /* AnimalListItemView.swift in Sources */,
				CEB483BF2885BA4B0096C482 /* VideoListItemView.swift in Sources */,
				CE9A06B82880C569004DD9DB /* InsetGalleryView.swift in Sources */,
				CE19DC5A288772C700AEBE8E /* MotionAnimationView.swift in Sources */,
				CE9A06BD2880C5E4004DD9DB /* ExternalWeblinkView.swift in Sources */,
				CEB483C32885DA810096C482 /* VideoPlayerView.swift in Sources */,
			);
			runOnlyForDeploymentPostprocessing = 0;
		};
/* End PBXSourcesBuildPhase section */

/* Begin XCBuildConfiguration section */
		CE9A06AB2880C4AB004DD9DB /* Debug */ = {
			isa = XCBuildConfiguration;
			buildSettings = {
				ALWAYS_SEARCH_USER_PATHS = NO;
				CLANG_ANALYZER_NONNULL = YES;
				CLANG_ANALYZER_NUMBER_OBJECT_CONVERSION = YES_AGGRESSIVE;
				CLANG_CXX_LANGUAGE_STANDARD = "gnu++17";
				CLANG_ENABLE_MODULES = YES;
				CLANG_ENABLE_OBJC_ARC = YES;
				CLANG_ENABLE_OBJC_WEAK = YES;
				CLANG_WARN_BLOCK_CAPTURE_AUTORELEASING = YES;
				CLANG_WARN_BOOL_CONVERSION = YES;
				CLANG_WARN_COMMA = YES;
				CLANG_WARN_CONSTANT_CONVERSION = YES;
				CLANG_WARN_DEPRECATED_OBJC_IMPLEMENTATIONS = YES;
				CLANG_WARN_DIRECT_OBJC_ISA_USAGE = YES_ERROR;
				CLANG_WARN_DOCUMENTATION_COMMENTS = YES;
				CLANG_WARN_EMPTY_BODY = YES;
				CLANG_WARN_ENUM_CONVERSION = YES;
				CLANG_WARN_INFINITE_RECURSION = YES;
				CLANG_WARN_INT_CONVERSION = YES;
				CLANG_WARN_NON_LITERAL_NULL_CONVERSION = YES;
				CLANG_WARN_OBJC_IMPLICIT_RETAIN_SELF = YES;
				CLANG_WARN_OBJC_LITERAL_CONVERSION = YES;
				CLANG_WARN_OBJC_ROOT_CLASS = YES_ERROR;
				CLANG_WARN_QUOTED_INCLUDE_IN_FRAMEWORK_HEADER = YES;
				CLANG_WARN_RANGE_LOOP_ANALYSIS = YES;
				CLANG_WARN_STRICT_PROTOTYPES = YES;
				CLANG_WARN_SUSPICIOUS_MOVE = YES;
				CLANG_WARN_UNGUARDED_AVAILABILITY = YES_AGGRESSIVE;
				CLANG_WARN_UNREACHABLE_CODE = YES;
				CLANG_WARN__DUPLICATE_METHOD_MATCH = YES;
				COPY_PHASE_STRIP = NO;
				DEBUG_INFORMATION_FORMAT = dwarf;
				ENABLE_STRICT_OBJC_MSGSEND = YES;
				ENABLE_TESTABILITY = YES;
				GCC_C_LANGUAGE_STANDARD = gnu11;
				GCC_DYNAMIC_NO_PIC = NO;
				GCC_NO_COMMON_BLOCKS = YES;
				GCC_OPTIMIZATION_LEVEL = 0;
				GCC_PREPROCESSOR_DEFINITIONS = (
					"DEBUG=1",
					"$(inherited)",
				);
				GCC_WARN_64_TO_32_BIT_CONVERSION = YES;
				GCC_WARN_ABOUT_RETURN_TYPE = YES_ERROR;
				GCC_WARN_UNDECLARED_SELECTOR = YES;
				GCC_WARN_UNINITIALIZED_AUTOS = YES_AGGRESSIVE;
				GCC_WARN_UNUSED_FUNCTION = YES;
				GCC_WARN_UNUSED_VARIABLE = YES;
				IPHONEOS_DEPLOYMENT_TARGET = 15.4;
				MTL_ENABLE_DEBUG_INFO = INCLUDE_SOURCE;
				MTL_FAST_MATH = YES;
				ONLY_ACTIVE_ARCH = YES;
				SDKROOT = iphoneos;
				SWIFT_ACTIVE_COMPILATION_CONDITIONS = DEBUG;
				SWIFT_OPTIMIZATION_LEVEL = "-Onone";
			};
			name = Debug;
		};
		CE9A06AC2880C4AB004DD9DB /* Release */ = {
			isa = XCBuildConfiguration;
			buildSettings = {
				ALWAYS_SEARCH_USER_PATHS = NO;
				CLANG_ANALYZER_NONNULL = YES;
				CLANG_ANALYZER_NUMBER_OBJECT_CONVERSION = YES_AGGRESSIVE;
				CLANG_CXX_LANGUAGE_STANDARD = "gnu++17";
				CLANG_ENABLE_MODULES = YES;
				CLANG_ENABLE_OBJC_ARC = YES;
				CLANG_ENABLE_OBJC_WEAK = YES;
				CLANG_WARN_BLOCK_CAPTURE_AUTORELEASING = YES;
				CLANG_WARN_BOOL_CONVERSION = YES;
				CLANG_WARN_COMMA = YES;
				CLANG_WARN_CONSTANT_CONVERSION = YES;
				CLANG_WARN_DEPRECATED_OBJC_IMPLEMENTATIONS = YES;
				CLANG_WARN_DIRECT_OBJC_ISA_USAGE = YES_ERROR;
				CLANG_WARN_DOCUMENTATION_COMMENTS = YES;
				CLANG_WARN_EMPTY_BODY = YES;
				CLANG_WARN_ENUM_CONVERSION = YES;
				CLANG_WARN_INFINITE_RECURSION = YES;
				CLANG_WARN_INT_CONVERSION = YES;
				CLANG_WARN_NON_LITERAL_NULL_CONVERSION = YES;
				CLANG_WARN_OBJC_IMPLICIT_RETAIN_SELF = YES;
				CLANG_WARN_OBJC_LITERAL_CONVERSION = YES;
				CLANG_WARN_OBJC_ROOT_CLASS = YES_ERROR;
				CLANG_WARN_QUOTED_INCLUDE_IN_FRAMEWORK_HEADER = YES;
				CLANG_WARN_RANGE_LOOP_ANALYSIS = YES;
				CLANG_WARN_STRICT_PROTOTYPES = YES;
				CLANG_WARN_SUSPICIOUS_MOVE = YES;
				CLANG_WARN_UNGUARDED_AVAILABILITY = YES_AGGRESSIVE;
				CLANG_WARN_UNREACHABLE_CODE = YES;
				CLANG_WARN__DUPLICATE_METHOD_MATCH = YES;
				COPY_PHASE_STRIP = NO;
				DEBUG_INFORMATION_FORMAT = "dwarf-with-dsym";
				ENABLE_NS_ASSERTIONS = NO;
				ENABLE_STRICT_OBJC_MSGSEND = YES;
				GCC_C_LANGUAGE_STANDARD = gnu11;
				GCC_NO_COMMON_BLOCKS = YES;
				GCC_WARN_64_TO_32_BIT_CONVERSION = YES;
				GCC_WARN_ABOUT_RETURN_TYPE = YES_ERROR;
				GCC_WARN_UNDECLARED_SELECTOR = YES;
				GCC_WARN_UNINITIALIZED_AUTOS = YES_AGGRESSIVE;
				GCC_WARN_UNUSED_FUNCTION = YES;
				GCC_WARN_UNUSED_VARIABLE = YES;
				IPHONEOS_DEPLOYMENT_TARGET = 15.4;
				MTL_ENABLE_DEBUG_INFO = NO;
				MTL_FAST_MATH = YES;
				SDKROOT = iphoneos;
				SWIFT_COMPILATION_MODE = wholemodule;
				SWIFT_OPTIMIZATION_LEVEL = "-O";
				VALIDATE_PRODUCT = YES;
			};
			name = Release;
		};
		CE9A06AE2880C4AB004DD9DB /* Debug */ = {
			isa = XCBuildConfiguration;
			buildSettings = {
				ASSETCATALOG_COMPILER_APPICON_NAME = AppIcon;
				ASSETCATALOG_COMPILER_GLOBAL_ACCENT_COLOR_NAME = AccentColor;
				CODE_SIGN_ENTITLEMENTS = Africa_SwiftUI/Africa_SwiftUI.entitlements;
				CODE_SIGN_STYLE = Automatic;
				CURRENT_PROJECT_VERSION = 1;
				DEVELOPMENT_ASSET_PATHS = "\"Africa_SwiftUI/Preview Content\"";
				DEVELOPMENT_TEAM = 2U56DP6BMP;
				ENABLE_PREVIEWS = YES;
				GENERATE_INFOPLIST_FILE = YES;
				INFOPLIST_FILE = "Africa-SwiftUI-Info.plist";
				INFOPLIST_KEY_UIApplicationSceneManifest_Generation = YES;
				INFOPLIST_KEY_UIApplicationSupportsIndirectInputEvents = YES;
				INFOPLIST_KEY_UISupportedInterfaceOrientations = UIInterfaceOrientationPortrait;
				INFOPLIST_KEY_UISupportedInterfaceOrientations_iPad = "UIInterfaceOrientationPortrait UIInterfaceOrientationPortraitUpsideDown UIInterfaceOrientationLandscapeLeft UIInterfaceOrientationLandscapeRight";
				INFOPLIST_KEY_UISupportedInterfaceOrientations_iPhone = "UIInterfaceOrientationPortrait UIInterfaceOrientationLandscapeLeft UIInterfaceOrientationLandscapeRight";
				INFOPLIST_KEY_UIUserInterfaceStyle = Dark;
				LD_RUNPATH_SEARCH_PATHS = (
					"$(inherited)",
					"@executable_path/Frameworks",
				);
				MARKETING_VERSION = 1.0;
				PRODUCT_BUNDLE_IDENTIFIER = "andrealmeida.io.Africa-SwiftUI";
				PRODUCT_NAME = "$(TARGET_NAME)";
				SUPPORTS_MACCATALYST = YES;
				SWIFT_EMIT_LOC_STRINGS = YES;
				SWIFT_VERSION = 5.0;
				TARGETED_DEVICE_FAMILY = "1,2";
			};
			name = Debug;
		};
		CE9A06AF2880C4AB004DD9DB /* Release */ = {
			isa = XCBuildConfiguration;
			buildSettings = {
				ASSETCATALOG_COMPILER_APPICON_NAME = AppIcon;
				ASSETCATALOG_COMPILER_GLOBAL_ACCENT_COLOR_NAME = AccentColor;
				CODE_SIGN_ENTITLEMENTS = Africa_SwiftUI/Africa_SwiftUI.entitlements;
				CODE_SIGN_STYLE = Automatic;
				CURRENT_PROJECT_VERSION = 1;
				DEVELOPMENT_ASSET_PATHS = "\"Africa_SwiftUI/Preview Content\"";
				DEVELOPMENT_TEAM = 2U56DP6BMP;
				ENABLE_PREVIEWS = YES;
				GENERATE_INFOPLIST_FILE = YES;
				INFOPLIST_FILE = "Africa-SwiftUI-Info.plist";
				INFOPLIST_KEY_UIApplicationSceneManifest_Generation = YES;
				INFOPLIST_KEY_UIApplicationSupportsIndirectInputEvents = YES;
				INFOPLIST_KEY_UISupportedInterfaceOrientations = UIInterfaceOrientationPortrait;
				INFOPLIST_KEY_UISupportedInterfaceOrientations_iPad = "UIInterfaceOrientationPortrait UIInterfaceOrientationPortraitUpsideDown UIInterfaceOrientationLandscapeLeft UIInterfaceOrientationLandscapeRight";
				INFOPLIST_KEY_UISupportedInterfaceOrientations_iPhone = "UIInterfaceOrientationPortrait UIInterfaceOrientationLandscapeLeft UIInterfaceOrientationLandscapeRight";
				INFOPLIST_KEY_UIUserInterfaceStyle = Dark;
				LD_RUNPATH_SEARCH_PATHS = (
					"$(inherited)",
					"@executable_path/Frameworks",
				);
				MARKETING_VERSION = 1.0;
				PRODUCT_BUNDLE_IDENTIFIER = "andrealmeida.io.Africa-SwiftUI";
				PRODUCT_NAME = "$(TARGET_NAME)";
				SUPPORTS_MACCATALYST = YES;
				SWIFT_EMIT_LOC_STRINGS = YES;
				SWIFT_VERSION = 5.0;
				TARGETED_DEVICE_FAMILY = "1,2";
			};
			name = Release;
		};
/* End XCBuildConfiguration section */

/* Begin XCConfigurationList section */
		CE9A069A2880C4A9004DD9DB /* Build configuration list for PBXProject "Africa_SwiftUI" */ = {
			isa = XCConfigurationList;
			buildConfigurations = (
				CE9A06AB2880C4AB004DD9DB /* Debug */,
				CE9A06AC2880C4AB004DD9DB /* Release */,
			);
			defaultConfigurationIsVisible = 0;
			defaultConfigurationName = Release;
		};
		CE9A06AD2880C4AB004DD9DB /* Build configuration list for PBXNativeTarget "Africa_SwiftUI" */ = {
			isa = XCConfigurationList;
			buildConfigurations = (
				CE9A06AE2880C4AB004DD9DB /* Debug */,
				CE9A06AF2880C4AB004DD9DB /* Release */,
			);
			defaultConfigurationIsVisible = 0;
			defaultConfigurationName = Release;
		};
/* End XCConfigurationList section */
	};
	rootObject = CE9A06972880C4A9004DD9DB /* Project object */;
}
